
Microsoft Visual Studio Solution File, Format Version 12.00
# Visual Studio Version 16
VisualStudioVersion = 16.0.31702.278
MinimumVisualStudioVersion = 10.0.40219.1
Project("{FAE04EC0-301F-11D3-BF4B-00C04F79EFBC}") = "1Train", "1Train.csproj", "{7EF2DBD9-F0E1-4995-B9FB-8088A2926BD7}"
EndProject
Project("{FAE04EC0-301F-11D3-BF4B-00C04F79EFBC}") = "2Common Elements", "..\2Common Elements\2Common Elements.csproj", "{228F5253-F878-4FAA-A51E-06931C007868}"
EndProject
Project("{FAE04EC0-301F-11D3-BF4B-00C04F79EFBC}") = "3Zig Zag Arrays", "..\3Zig Zag Arrays\3Zig Zag Arrays.csproj", "{580E27FF-AA5D-4F2E-9511-BF3EE56DDE75}"
EndProject
Project("{FAE04EC0-301F-11D3-BF4B-00C04F79EFBC}") = "4Array Rotation", "..\4Array Rotation\4Array Rotation.csproj", "{776FA871-8B31-45E4-9F33-6C3C40ED68BF}"
EndProject
Project("{FAE04EC0-301F-11D3-BF4B-00C04F79EFBC}") = "5Top Integers", "..\5Top integers\5Top Integers.csproj", "{1CEF19CF-3D7A-45DF-863F-3494BB3446A7}"
EndProject
Global
	GlobalSection(SolutionConfigurationPlatforms) = preSolution
		Debug|Any CPU = Debug|Any CPU
		Release|Any CPU = Release|Any CPU
	EndGlobalSection
	GlobalSection(ProjectConfigurationPlatforms) = postSolution
		{7EF2DBD9-F0E1-4995-B9FB-8088A2926BD7}.Debug|Any CPU.ActiveCfg = Debug|Any CPU
		{7EF2DBD9-F0E1-4995-B9FB-8088A2926BD7}.Debug|Any CPU.Build.0 = Debug|Any CPU
		{7EF2DBD9-F0E1-4995-B9FB-8088A2926BD7}.Release|Any CPU.ActiveCfg = Release|Any CPU
		{7EF2DBD9-F0E1-4995-B9FB-8088A2926BD7}.Release|Any CPU.Build.0 = Release|Any CPU
		{228F5253-F878-4FAA-A51E-06931C007868}.Debug|Any CPU.ActiveCfg = Debug|Any CPU
		{228F5253-F878-4FAA-A51E-06931C007868}.Debug|Any CPU.Build.0 = Debug|Any CPU
		{228F5253-F878-4FAA-A51E-06931C007868}.Release|Any CPU.ActiveCfg = Release|Any CPU
		{228F5253-F878-4FAA-A51E-06931C007868}.Release|Any CPU.Build.0 = Release|Any CPU
		{580E27FF-AA5D-4F2E-9511-BF3EE56DDE75}.Debug|Any CPU.ActiveCfg = Debug|Any CPU
		{580E27FF-AA5D-4F2E-9511-BF3EE56DDE75}.Debug|Any CPU.Build.0 = Debug|Any CPU
		{580E27FF-AA5D-4F2E-9511-BF3EE56DDE75}.Release|Any CPU.ActiveCfg = Release|Any CPU
		{580E27FF-AA5D-4F2E-9511-BF3EE56DDE75}.Release|Any CPU.Build.0 = Release|Any CPU
		{776FA871-8B31-45E4-9F33-6C3C40ED68BF}.Debug|Any CPU.ActiveCfg = Debug|Any CPU
		{776FA871-8B31-45E4-9F33-6C3C40ED68BF}.Debug|Any CPU.Build.0 = Debug|Any CPU
		{776FA871-8B31-45E4-9F33-6C3C40ED68BF}.Release|Any CPU.ActiveCfg = Release|Any CPU
		{776FA871-8B31-45E4-9F33-6C3C40ED68BF}.Release|Any CPU.Build.0 = Release|Any CPU
		{1CEF19CF-3D7A-45DF-863F-3494BB3446A7}.Debug|Any CPU.ActiveCfg = Debug|Any CPU
		{1CEF19CF-3D7A-45DF-863F-3494BB3446A7}.Debug|Any CPU.Build.0 = Debug|Any CPU
		{1CEF19CF-3D7A-45DF-863F-3494BB3446A7}.Release|Any CPU.ActiveCfg = Release|Any CPU
		{1CEF19CF-3D7A-45DF-863F-3494BB3446A7}.Release|Any CPU.Build.0 = Release|Any CPU
	EndGlobalSection
	GlobalSection(SolutionProperties) = preSolution
		HideSolutionNode = FALSE
	EndGlobalSection
	GlobalSection(ExtensibilityGlobals) = postSolution
		SolutionGuid = {B3A0844F-9A6A-473E-9358-B5890FD07860}
	EndGlobalSection
EndGlobal
